
Microsoft Visual Studio Solution File, Format Version 12.00
# Visual Studio Version 17
VisualStudioVersion = 17.8.34316.72
MinimumVisualStudioVersion = 10.0.40219.1
Project("{FAE04EC0-301F-11D3-BF4B-00C04F79EFBC}") = "Codility-MissingInteger", "Codility-MissingInteger\Codility-MissingInteger.csproj", "{EB3BEEB7-F65E-4DBB-B1FC-0E24C8E055E0}"
EndProject
Project("{FAE04EC0-301F-11D3-BF4B-00C04F79EFBC}") = "Codility-MissingIntegerTests", "Codility-MissingIntegerTests\Codility-MissingIntegerTests.csproj", "{C2D3B676-D45E-499C-AC6F-4635072628DC}"
EndProject
Global
	GlobalSection(SolutionConfigurationPlatforms) = preSolution
		Debug|Any CPU = Debug|Any CPU
		Release|Any CPU = Release|Any CPU
	EndGlobalSection
	GlobalSection(ProjectConfigurationPlatforms) = postSolution
		{EB3BEEB7-F65E-4DBB-B1FC-0E24C8E055E0}.Debug|Any CPU.ActiveCfg = Debug|Any CPU
		{EB3BEEB7-F65E-4DBB-B1FC-0E24C8E055E0}.Debug|Any CPU.Build.0 = Debug|Any CPU
		{EB3BEEB7-F65E-4DBB-B1FC-0E24C8E055E0}.Release|Any CPU.ActiveCfg = Release|Any CPU
		{EB3BEEB7-F65E-4DBB-B1FC-0E24C8E055E0}.Release|Any CPU.Build.0 = Release|Any CPU
		{C2D3B676-D45E-499C-AC6F-4635072628DC}.Debug|Any CPU.ActiveCfg = Debug|Any CPU
		{C2D3B676-D45E-499C-AC6F-4635072628DC}.Debug|Any CPU.Build.0 = Debug|Any CPU
		{C2D3B676-D45E-499C-AC6F-4635072628DC}.Release|Any CPU.ActiveCfg = Release|Any CPU
		{C2D3B676-D45E-499C-AC6F-4635072628DC}.Release|Any CPU.Build.0 = Release|Any CPU
	EndGlobalSection
	GlobalSection(SolutionProperties) = preSolution
		HideSolutionNode = FALSE
	EndGlobalSection
	GlobalSection(ExtensibilityGlobals) = postSolution
		SolutionGuid = {CD419E18-EBDA-42BE-A0AA-5384761BF248}
	EndGlobalSection
EndGlobal
